// !$*UTF8*$!
{
	archiveVersion = 1;
	classes = {
	};
	objectVersion = 50;
	objects = {

/* Begin PBXBuildFile section */
		17EACE4EC6E77FC2B428CD98 /* libPods-WeatherForecastTests.a in Frameworks */ = {isa = PBXBuildFile; fileRef = F6A8BB45AE84610902407A4A /* libPods-WeatherForecastTests.a */; };
		198D9239250DFC5A004CE3FE /* AppDelegate.swift in Sources */ = {isa = PBXBuildFile; fileRef = 198D9238250DFC5A004CE3FE /* AppDelegate.swift */; };
		198D923D250DFC5A004CE3FE /* ViewController.swift in Sources */ = {isa = PBXBuildFile; fileRef = 198D923C250DFC5A004CE3FE /* ViewController.swift */; };
		198D9242250DFC5B004CE3FE /* Assets.xcassets in Resources */ = {isa = PBXBuildFile; fileRef = 198D9241250DFC5B004CE3FE /* Assets.xcassets */; };
		198D9245250DFC5B004CE3FE /* LaunchScreen.storyboard in Resources */ = {isa = PBXBuildFile; fileRef = 198D9243250DFC5B004CE3FE /* LaunchScreen.storyboard */; };
		198D9250250DFC5C004CE3FE /* WeatherForecastInteractorTests.swift in Sources */ = {isa = PBXBuildFile; fileRef = 198D924F250DFC5C004CE3FE /* WeatherForecastInteractorTests.swift */; };
		198D92A0250E0937004CE3FE /* RootRouter.swift in Sources */ = {isa = PBXBuildFile; fileRef = 198D929F250E0937004CE3FE /* RootRouter.swift */; };
		198D92EA250E0B93004CE3FE /* WeatherSearchProtocol.swift in Sources */ = {isa = PBXBuildFile; fileRef = 198D92E9250E0B93004CE3FE /* WeatherSearchProtocol.swift */; };
		198D92EC250E0BF4004CE3FE /* WeatherSearchViewController.swift in Sources */ = {isa = PBXBuildFile; fileRef = 198D92EB250E0BF4004CE3FE /* WeatherSearchViewController.swift */; };
		198D92EE250E0D54004CE3FE /* WeatherSearchRouter.swift in Sources */ = {isa = PBXBuildFile; fileRef = 198D92ED250E0D54004CE3FE /* WeatherSearchRouter.swift */; };
		198D92F0250E0FE4004CE3FE /* WeatherSearchInteractor.swift in Sources */ = {isa = PBXBuildFile; fileRef = 198D92EF250E0FE4004CE3FE /* WeatherSearchInteractor.swift */; };
		198D92F2250E1108004CE3FE /* WeatherSearchPresenter.swift in Sources */ = {isa = PBXBuildFile; fileRef = 198D92F1250E1108004CE3FE /* WeatherSearchPresenter.swift */; };
		198D92F5250E4109004CE3FE /* WeatherSearchAPIService.swift in Sources */ = {isa = PBXBuildFile; fileRef = 198D92F4250E4109004CE3FE /* WeatherSearchAPIService.swift */; };
		198D92F7250E419D004CE3FE /* WeatherSearchEntity.swift in Sources */ = {isa = PBXBuildFile; fileRef = 198D92F6250E419D004CE3FE /* WeatherSearchEntity.swift */; };
		198D92FB250E5240004CE3FE /* WeatherSearchDisplayHepler.swift in Sources */ = {isa = PBXBuildFile; fileRef = 198D92FA250E5240004CE3FE /* WeatherSearchDisplayHepler.swift */; };
		198D92FD250E53F7004CE3FE /* WeatherResultTableViewCell.swift in Sources */ = {isa = PBXBuildFile; fileRef = 198D92FC250E53F7004CE3FE /* WeatherResultTableViewCell.swift */; };
		198D9300250E6CD0004CE3FE /* R.swift in Sources */ = {isa = PBXBuildFile; fileRef = 198D92FF250E6CD0004CE3FE /* R.swift */; };
		198D9302250E6EA2004CE3FE /* WeatherSearchCacheService.swift in Sources */ = {isa = PBXBuildFile; fileRef = 198D9301250E6EA2004CE3FE /* WeatherSearchCacheService.swift */; };
		198D9303250E7B34004CE3FE /* WeatherSearchEntity.swift in Sources */ = {isa = PBXBuildFile; fileRef = 198D92F6250E419D004CE3FE /* WeatherSearchEntity.swift */; };
		198D9304250E7B40004CE3FE /* WeatherSearchInteractor.swift in Sources */ = {isa = PBXBuildFile; fileRef = 198D92EF250E0FE4004CE3FE /* WeatherSearchInteractor.swift */; };
		198D9305250E7B98004CE3FE /* WeatherSearchProtocol.swift in Sources */ = {isa = PBXBuildFile; fileRef = 198D92E9250E0B93004CE3FE /* WeatherSearchProtocol.swift */; };
		198D9306250E7CA5004CE3FE /* WeatherSearchAPIService.swift in Sources */ = {isa = PBXBuildFile; fileRef = 198D92F4250E4109004CE3FE /* WeatherSearchAPIService.swift */; };
		198D9307250E7CA9004CE3FE /* WeatherSearchCacheService.swift in Sources */ = {isa = PBXBuildFile; fileRef = 198D9301250E6EA2004CE3FE /* WeatherSearchCacheService.swift */; };
		198D9308250E7CB4004CE3FE /* R.swift in Sources */ = {isa = PBXBuildFile; fileRef = 198D92FF250E6CD0004CE3FE /* R.swift */; };
		198D930A250E8ADB004CE3FE /* WeatherForecastPresenterTests.swift in Sources */ = {isa = PBXBuildFile; fileRef = 198D9309250E8ADB004CE3FE /* WeatherForecastPresenterTests.swift */; };
		198D930B250E8BD1004CE3FE /* WeatherSearchPresenter.swift in Sources */ = {isa = PBXBuildFile; fileRef = 198D92F1250E1108004CE3FE /* WeatherSearchPresenter.swift */; };
		99BAF20E6CFE60B447348756 /* libPods-WeatherForecast.a in Frameworks */ = {isa = PBXBuildFile; fileRef = D161A4E9917394E117BB384F /* libPods-WeatherForecast.a */; };
/* End PBXBuildFile section */

/* Begin PBXContainerItemProxy section */
		198D924C250DFC5C004CE3FE /* PBXContainerItemProxy */ = {
			isa = PBXContainerItemProxy;
			containerPortal = 198D922D250DFC5A004CE3FE /* Project object */;
			proxyType = 1;
			remoteGlobalIDString = 198D9234250DFC5A004CE3FE;
			remoteInfo = WeatherForecast;
		};
/* End PBXContainerItemProxy section */

/* Begin PBXFileReference section */
		02ACC36705E31119017389D7 /* Pods-WeatherForecast.release.xcconfig */ = {isa = PBXFileReference; includeInIndex = 1; lastKnownFileType = text.xcconfig; name = "Pods-WeatherForecast.release.xcconfig"; path = "Target Support Files/Pods-WeatherForecast/Pods-WeatherForecast.release.xcconfig"; sourceTree = "<group>"; };
		1577E59AC8E8FF3A574CAB89 /* Pods-WeatherForecastTests.release.xcconfig */ = {isa = PBXFileReference; includeInIndex = 1; lastKnownFileType = text.xcconfig; name = "Pods-WeatherForecastTests.release.xcconfig"; path = "Target Support Files/Pods-WeatherForecastTests/Pods-WeatherForecastTests.release.xcconfig"; sourceTree = "<group>"; };
		198D9235250DFC5A004CE3FE /* WeatherForecast.app */ = {isa = PBXFileReference; explicitFileType = wrapper.application; includeInIndex = 0; path = WeatherForecast.app; sourceTree = BUILT_PRODUCTS_DIR; };
		198D9238250DFC5A004CE3FE /* AppDelegate.swift */ = {isa = PBXFileReference; lastKnownFileType = sourcecode.swift; path = AppDelegate.swift; sourceTree = "<group>"; };
		198D923C250DFC5A004CE3FE /* ViewController.swift */ = {isa = PBXFileReference; lastKnownFileType = sourcecode.swift; path = ViewController.swift; sourceTree = "<group>"; };
		198D9241250DFC5B004CE3FE /* Assets.xcassets */ = {isa = PBXFileReference; lastKnownFileType = folder.assetcatalog; path = Assets.xcassets; sourceTree = "<group>"; };
		198D9244250DFC5B004CE3FE /* Base */ = {isa = PBXFileReference; lastKnownFileType = file.storyboard; name = Base; path = Base.lproj/LaunchScreen.storyboard; sourceTree = "<group>"; };
		198D9246250DFC5B004CE3FE /* Info.plist */ = {isa = PBXFileReference; lastKnownFileType = text.plist.xml; path = Info.plist; sourceTree = "<group>"; };
		198D924B250DFC5C004CE3FE /* WeatherForecastTests.xctest */ = {isa = PBXFileReference; explicitFileType = wrapper.cfbundle; includeInIndex = 0; path = WeatherForecastTests.xctest; sourceTree = BUILT_PRODUCTS_DIR; };
		198D924F250DFC5C004CE3FE /* WeatherForecastInteractorTests.swift */ = {isa = PBXFileReference; lastKnownFileType = sourcecode.swift; path = WeatherForecastInteractorTests.swift; sourceTree = "<group>"; };
		198D9251250DFC5C004CE3FE /* Info.plist */ = {isa = PBXFileReference; lastKnownFileType = text.plist.xml; path = Info.plist; sourceTree = "<group>"; };
		198D927D250DFEFC004CE3FE /* Debug.xcconfig */ = {isa = PBXFileReference; lastKnownFileType = text.xcconfig; path = Debug.xcconfig; sourceTree = "<group>"; };
		198D927E250DFF4C004CE3FE /* Shared.xcconfig */ = {isa = PBXFileReference; lastKnownFileType = text.xcconfig; path = Shared.xcconfig; sourceTree = "<group>"; };
		198D927F250DFF7D004CE3FE /* Release.xcconfig */ = {isa = PBXFileReference; lastKnownFileType = text.xcconfig; path = Release.xcconfig; sourceTree = "<group>"; };
		198D929F250E0937004CE3FE /* RootRouter.swift */ = {isa = PBXFileReference; lastKnownFileType = sourcecode.swift; path = RootRouter.swift; sourceTree = "<group>"; };
		198D92E9250E0B93004CE3FE /* WeatherSearchProtocol.swift */ = {isa = PBXFileReference; lastKnownFileType = sourcecode.swift; path = WeatherSearchProtocol.swift; sourceTree = "<group>"; };
		198D92EB250E0BF4004CE3FE /* WeatherSearchViewController.swift */ = {isa = PBXFileReference; lastKnownFileType = sourcecode.swift; path = WeatherSearchViewController.swift; sourceTree = "<group>"; };
		198D92ED250E0D54004CE3FE /* WeatherSearchRouter.swift */ = {isa = PBXFileReference; lastKnownFileType = sourcecode.swift; path = WeatherSearchRouter.swift; sourceTree = "<group>"; };
		198D92EF250E0FE4004CE3FE /* WeatherSearchInteractor.swift */ = {isa = PBXFileReference; lastKnownFileType = sourcecode.swift; path = WeatherSearchInteractor.swift; sourceTree = "<group>"; };
		198D92F1250E1108004CE3FE /* WeatherSearchPresenter.swift */ = {isa = PBXFileReference; lastKnownFileType = sourcecode.swift; path = WeatherSearchPresenter.swift; sourceTree = "<group>"; };
		198D92F4250E4109004CE3FE /* WeatherSearchAPIService.swift */ = {isa = PBXFileReference; lastKnownFileType = sourcecode.swift; path = WeatherSearchAPIService.swift; sourceTree = "<group>"; };
		198D92F6250E419D004CE3FE /* WeatherSearchEntity.swift */ = {isa = PBXFileReference; lastKnownFileType = sourcecode.swift; path = WeatherSearchEntity.swift; sourceTree = "<group>"; };
		198D92FA250E5240004CE3FE /* WeatherSearchDisplayHepler.swift */ = {isa = PBXFileReference; lastKnownFileType = sourcecode.swift; path = WeatherSearchDisplayHepler.swift; sourceTree = "<group>"; };
		198D92FC250E53F7004CE3FE /* WeatherResultTableViewCell.swift */ = {isa = PBXFileReference; lastKnownFileType = sourcecode.swift; path = WeatherResultTableViewCell.swift; sourceTree = "<group>"; };
		198D92FF250E6CD0004CE3FE /* R.swift */ = {isa = PBXFileReference; lastKnownFileType = sourcecode.swift; path = R.swift; sourceTree = "<group>"; };
		198D9301250E6EA2004CE3FE /* WeatherSearchCacheService.swift */ = {isa = PBXFileReference; lastKnownFileType = sourcecode.swift; path = WeatherSearchCacheService.swift; sourceTree = "<group>"; };
		198D9309250E8ADB004CE3FE /* WeatherForecastPresenterTests.swift */ = {isa = PBXFileReference; lastKnownFileType = sourcecode.swift; path = WeatherForecastPresenterTests.swift; sourceTree = "<group>"; };
		27ECFA5F1797D15C108B674D /* Pods-WeatherForecast.debug.xcconfig */ = {isa = PBXFileReference; includeInIndex = 1; lastKnownFileType = text.xcconfig; name = "Pods-WeatherForecast.debug.xcconfig"; path = "Target Support Files/Pods-WeatherForecast/Pods-WeatherForecast.debug.xcconfig"; sourceTree = "<group>"; };
		B0071526FF0035A704C89651 /* Pods-WeatherForecastTests.debug.xcconfig */ = {isa = PBXFileReference; includeInIndex = 1; lastKnownFileType = text.xcconfig; name = "Pods-WeatherForecastTests.debug.xcconfig"; path = "Target Support Files/Pods-WeatherForecastTests/Pods-WeatherForecastTests.debug.xcconfig"; sourceTree = "<group>"; };
		D161A4E9917394E117BB384F /* libPods-WeatherForecast.a */ = {isa = PBXFileReference; explicitFileType = archive.ar; includeInIndex = 0; path = "libPods-WeatherForecast.a"; sourceTree = BUILT_PRODUCTS_DIR; };
		F6A8BB45AE84610902407A4A /* libPods-WeatherForecastTests.a */ = {isa = PBXFileReference; explicitFileType = archive.ar; includeInIndex = 0; path = "libPods-WeatherForecastTests.a"; sourceTree = BUILT_PRODUCTS_DIR; };
/* End PBXFileReference section */

/* Begin PBXFrameworksBuildPhase section */
		198D9232250DFC5A004CE3FE /* Frameworks */ = {
			isa = PBXFrameworksBuildPhase;
			buildActionMask = 2147483647;
			files = (
				99BAF20E6CFE60B447348756 /* libPods-WeatherForecast.a in Frameworks */,
			);
			runOnlyForDeploymentPostprocessing = 0;
		};
		198D9248250DFC5C004CE3FE /* Frameworks */ = {
			isa = PBXFrameworksBuildPhase;
			buildActionMask = 2147483647;
			files = (
				17EACE4EC6E77FC2B428CD98 /* libPods-WeatherForecastTests.a in Frameworks */,
			);
			runOnlyForDeploymentPostprocessing = 0;
		};
/* End PBXFrameworksBuildPhase section */

/* Begin PBXGroup section */
		198D922C250DFC5A004CE3FE = {
			isa = PBXGroup;
			children = (
				198D925A250DFEC2004CE3FE /* Configs */,
				198D9237250DFC5A004CE3FE /* WeatherForecast */,
				198D924E250DFC5C004CE3FE /* WeatherForecastTests */,
				198D9236250DFC5A004CE3FE /* Products */,
				C5209FC77BBE9D1A4E5544D9 /* Pods */,
				3B55417B928CE4CA396C7379 /* Frameworks */,
			);
			sourceTree = "<group>";
		};
		198D9236250DFC5A004CE3FE /* Products */ = {
			isa = PBXGroup;
			children = (
				198D9235250DFC5A004CE3FE /* WeatherForecast.app */,
				198D924B250DFC5C004CE3FE /* WeatherForecastTests.xctest */,
			);
			name = Products;
			sourceTree = "<group>";
		};
		198D9237250DFC5A004CE3FE /* WeatherForecast */ = {
			isa = PBXGroup;
			children = (
				198D92FE250E6CC3004CE3FE /* Utils */,
				198D92F3250E40D7004CE3FE /* Service */,
				198D929D250E08B3004CE3FE /* Modules */,
				198D9238250DFC5A004CE3FE /* AppDelegate.swift */,
				198D923C250DFC5A004CE3FE /* ViewController.swift */,
				198D9241250DFC5B004CE3FE /* Assets.xcassets */,
				198D9243250DFC5B004CE3FE /* LaunchScreen.storyboard */,
				198D9246250DFC5B004CE3FE /* Info.plist */,
			);
			path = WeatherForecast;
			sourceTree = "<group>";
		};
		198D924E250DFC5C004CE3FE /* WeatherForecastTests */ = {
			isa = PBXGroup;
			children = (
				198D924F250DFC5C004CE3FE /* WeatherForecastInteractorTests.swift */,
				198D9309250E8ADB004CE3FE /* WeatherForecastPresenterTests.swift */,
				198D9251250DFC5C004CE3FE /* Info.plist */,
			);
			path = WeatherForecastTests;
			sourceTree = "<group>";
		};
		198D925A250DFEC2004CE3FE /* Configs */ = {
			isa = PBXGroup;
			children = (
				198D927E250DFF4C004CE3FE /* Shared.xcconfig */,
				198D927D250DFEFC004CE3FE /* Debug.xcconfig */,
				198D927F250DFF7D004CE3FE /* Release.xcconfig */,
			);
			path = Configs;
			sourceTree = "<group>";
		};
		198D929D250E08B3004CE3FE /* Modules */ = {
			isa = PBXGroup;
			children = (
				198D929E250E08BB004CE3FE /* Root */,
				198D92A1250E0A33004CE3FE /* WeatherSearch */,
			);
			path = Modules;
			sourceTree = "<group>";
		};
		198D929E250E08BB004CE3FE /* Root */ = {
			isa = PBXGroup;
			children = (
				198D929F250E0937004CE3FE /* RootRouter.swift */,
			);
			path = Root;
			sourceTree = "<group>";
		};
		198D92A1250E0A33004CE3FE /* WeatherSearch */ = {
			isa = PBXGroup;
			children = (
				198D92A7250E0A91004CE3FE /* Entity */,
				198D92A6250E0A7E004CE3FE /* Router */,
				198D92A5250E0A72004CE3FE /* View */,
				198D92A4250E0A6D004CE3FE /* Presenter */,
				198D92A3250E0A63004CE3FE /* Interactor */,
				198D92A2250E0A58004CE3FE /* Protocol */,
			);
			path = WeatherSearch;
			sourceTree = "<group>";
		};
		198D92A2250E0A58004CE3FE /* Protocol */ = {
			isa = PBXGroup;
			children = (
				198D92E9250E0B93004CE3FE /* WeatherSearchProtocol.swift */,
			);
			path = Protocol;
			sourceTree = "<group>";
		};
		198D92A3250E0A63004CE3FE /* Interactor */ = {
			isa = PBXGroup;
			children = (
				198D92EF250E0FE4004CE3FE /* WeatherSearchInteractor.swift */,
			);
			path = Interactor;
			sourceTree = "<group>";
		};
		198D92A4250E0A6D004CE3FE /* Presenter */ = {
			isa = PBXGroup;
			children = (
				198D92F1250E1108004CE3FE /* WeatherSearchPresenter.swift */,
			);
			path = Presenter;
			sourceTree = "<group>";
		};
		198D92A5250E0A72004CE3FE /* View */ = {
			isa = PBXGroup;
			children = (
				198D92EB250E0BF4004CE3FE /* WeatherSearchViewController.swift */,
				198D92FA250E5240004CE3FE /* WeatherSearchDisplayHepler.swift */,
				198D92FC250E53F7004CE3FE /* WeatherResultTableViewCell.swift */,
			);
			path = View;
			sourceTree = "<group>";
		};
		198D92A6250E0A7E004CE3FE /* Router */ = {
			isa = PBXGroup;
			children = (
				198D92ED250E0D54004CE3FE /* WeatherSearchRouter.swift */,
			);
			path = Router;
			sourceTree = "<group>";
		};
		198D92A7250E0A91004CE3FE /* Entity */ = {
			isa = PBXGroup;
			children = (
				198D92F6250E419D004CE3FE /* WeatherSearchEntity.swift */,
			);
			path = Entity;
			sourceTree = "<group>";
		};
		198D92F3250E40D7004CE3FE /* Service */ = {
			isa = PBXGroup;
			children = (
				198D92F4250E4109004CE3FE /* WeatherSearchAPIService.swift */,
				198D9301250E6EA2004CE3FE /* WeatherSearchCacheService.swift */,
			);
			path = Service;
			sourceTree = "<group>";
		};
		198D92FE250E6CC3004CE3FE /* Utils */ = {
			isa = PBXGroup;
			children = (
				198D92FF250E6CD0004CE3FE /* R.swift */,
			);
			path = Utils;
			sourceTree = "<group>";
		};
		3B55417B928CE4CA396C7379 /* Frameworks */ = {
			isa = PBXGroup;
			children = (
				D161A4E9917394E117BB384F /* libPods-WeatherForecast.a */,
				F6A8BB45AE84610902407A4A /* libPods-WeatherForecastTests.a */,
			);
			name = Frameworks;
			sourceTree = "<group>";
		};
		C5209FC77BBE9D1A4E5544D9 /* Pods */ = {
			isa = PBXGroup;
			children = (
				27ECFA5F1797D15C108B674D /* Pods-WeatherForecast.debug.xcconfig */,
				02ACC36705E31119017389D7 /* Pods-WeatherForecast.release.xcconfig */,
				B0071526FF0035A704C89651 /* Pods-WeatherForecastTests.debug.xcconfig */,
				1577E59AC8E8FF3A574CAB89 /* Pods-WeatherForecastTests.release.xcconfig */,
			);
			path = Pods;
			sourceTree = "<group>";
		};
/* End PBXGroup section */

/* Begin PBXNativeTarget section */
		198D9234250DFC5A004CE3FE /* WeatherForecast */ = {
			isa = PBXNativeTarget;
			buildConfigurationList = 198D9254250DFC5C004CE3FE /* Build configuration list for PBXNativeTarget "WeatherForecast" */;
			buildPhases = (
				A2F33E69E455CED13B0E1B0A /* [CP] Check Pods Manifest.lock */,
				198D9231250DFC5A004CE3FE /* Sources */,
				198D9232250DFC5A004CE3FE /* Frameworks */,
				198D9233250DFC5A004CE3FE /* Resources */,
			);
			buildRules = (
			);
			dependencies = (
			);
			name = WeatherForecast;
			productName = WeatherForecast;
			productReference = 198D9235250DFC5A004CE3FE /* WeatherForecast.app */;
			productType = "com.apple.product-type.application";
		};
		198D924A250DFC5C004CE3FE /* WeatherForecastTests */ = {
			isa = PBXNativeTarget;
			buildConfigurationList = 198D9257250DFC5C004CE3FE /* Build configuration list for PBXNativeTarget "WeatherForecastTests" */;
			buildPhases = (
				1484D04A35EECBC636B36A76 /* [CP] Check Pods Manifest.lock */,
				198D9247250DFC5C004CE3FE /* Sources */,
				198D9248250DFC5C004CE3FE /* Frameworks */,
				198D9249250DFC5C004CE3FE /* Resources */,
			);
			buildRules = (
			);
			dependencies = (
				198D924D250DFC5C004CE3FE /* PBXTargetDependency */,
			);
			name = WeatherForecastTests;
			productName = WeatherForecastTests;
			productReference = 198D924B250DFC5C004CE3FE /* WeatherForecastTests.xctest */;
			productType = "com.apple.product-type.bundle.unit-test";
		};
/* End PBXNativeTarget section */

/* Begin PBXProject section */
		198D922D250DFC5A004CE3FE /* Project object */ = {
			isa = PBXProject;
			attributes = {
				LastSwiftUpdateCheck = 1150;
				LastUpgradeCheck = 1150;
				ORGANIZATIONNAME = LAP12005;
				TargetAttributes = {
					198D9234250DFC5A004CE3FE = {
						CreatedOnToolsVersion = 11.5;
					};
					198D924A250DFC5C004CE3FE = {
						CreatedOnToolsVersion = 11.5;
						TestTargetID = 198D9234250DFC5A004CE3FE;
					};
				};
			};
			buildConfigurationList = 198D9230250DFC5A004CE3FE /* Build configuration list for PBXProject "WeatherForecast" */;
			compatibilityVersion = "Xcode 9.3";
			developmentRegion = en;
			hasScannedForEncodings = 0;
			knownRegions = (
				en,
				Base,
			);
			mainGroup = 198D922C250DFC5A004CE3FE;
			productRefGroup = 198D9236250DFC5A004CE3FE /* Products */;
			projectDirPath = "";
			projectRoot = "";
			targets = (
				198D9234250DFC5A004CE3FE /* WeatherForecast */,
				198D924A250DFC5C004CE3FE /* WeatherForecastTests */,
			);
		};
/* End PBXProject section */

/* Begin PBXResourcesBuildPhase section */
		198D9233250DFC5A004CE3FE /* Resources */ = {
			isa = PBXResourcesBuildPhase;
			buildActionMask = 2147483647;
			files = (
				198D9245250DFC5B004CE3FE /* LaunchScreen.storyboard in Resources */,
				198D9242250DFC5B004CE3FE /* Assets.xcassets in Resources */,
			);
			runOnlyForDeploymentPostprocessing = 0;
		};
		198D9249250DFC5C004CE3FE /* Resources */ = {
			isa = PBXResourcesBuildPhase;
			buildActionMask = 2147483647;
			files = (
			);
			runOnlyForDeploymentPostprocessing = 0;
		};
/* End PBXResourcesBuildPhase section */

/* Begin PBXShellScriptBuildPhase section */
		1484D04A35EECBC636B36A76 /* [CP] Check Pods Manifest.lock */ = {
			isa = PBXShellScriptBuildPhase;
			buildActionMask = 2147483647;
			files = (
			);
			inputFileListPaths = (
			);
			inputPaths = (
				"${PODS_PODFILE_DIR_PATH}/Podfile.lock",
				"${PODS_ROOT}/Manifest.lock",
			);
			name = "[CP] Check Pods Manifest.lock";
			outputFileListPaths = (
			);
			outputPaths = (
				"$(DERIVED_FILE_DIR)/Pods-WeatherForecastTests-checkManifestLockResult.txt",
			);
			runOnlyForDeploymentPostprocessing = 0;
			shellPath = /bin/sh;
			shellScript = "diff \"${PODS_PODFILE_DIR_PATH}/Podfile.lock\" \"${PODS_ROOT}/Manifest.lock\" > /dev/null\nif [ $? != 0 ] ; then\n    # print error to STDERR\n    echo \"error: The sandbox is not in sync with the Podfile.lock. Run 'pod install' or update your CocoaPods installation.\" >&2\n    exit 1\nfi\n# This output is used by Xcode 'outputs' to avoid re-running this script phase.\necho \"SUCCESS\" > \"${SCRIPT_OUTPUT_FILE_0}\"\n";
			showEnvVarsInLog = 0;
		};
		A2F33E69E455CED13B0E1B0A /* [CP] Check Pods Manifest.lock */ = {
			isa = PBXShellScriptBuildPhase;
			buildActionMask = 2147483647;
			files = (
			);
			inputFileListPaths = (
			);
			inputPaths = (
				"${PODS_PODFILE_DIR_PATH}/Podfile.lock",
				"${PODS_ROOT}/Manifest.lock",
			);
			name = "[CP] Check Pods Manifest.lock";
			outputFileListPaths = (
			);
			outputPaths = (
				"$(DERIVED_FILE_DIR)/Pods-WeatherForecast-checkManifestLockResult.txt",
			);
			runOnlyForDeploymentPostprocessing = 0;
			shellPath = /bin/sh;
			shellScript = "diff \"${PODS_PODFILE_DIR_PATH}/Podfile.lock\" \"${PODS_ROOT}/Manifest.lock\" > /dev/null\nif [ $? != 0 ] ; then\n    # print error to STDERR\n    echo \"error: The sandbox is not in sync with the Podfile.lock. Run 'pod install' or update your CocoaPods installation.\" >&2\n    exit 1\nfi\n# This output is used by Xcode 'outputs' to avoid re-running this script phase.\necho \"SUCCESS\" > \"${SCRIPT_OUTPUT_FILE_0}\"\n";
			showEnvVarsInLog = 0;
		};
/* End PBXShellScriptBuildPhase section */

/* Begin PBXSourcesBuildPhase section */
		198D9231250DFC5A004CE3FE /* Sources */ = {
			isa = PBXSourcesBuildPhase;
			buildActionMask = 2147483647;
			files = (
				198D92A0250E0937004CE3FE /* RootRouter.swift in Sources */,
				198D92F7250E419D004CE3FE /* WeatherSearchEntity.swift in Sources */,
				198D923D250DFC5A004CE3FE /* ViewController.swift in Sources */,
				198D92EE250E0D54004CE3FE /* WeatherSearchRouter.swift in Sources */,
				198D92EA250E0B93004CE3FE /* WeatherSearchProtocol.swift in Sources */,
				198D92F0250E0FE4004CE3FE /* WeatherSearchInteractor.swift in Sources */,
				198D92F2250E1108004CE3FE /* WeatherSearchPresenter.swift in Sources */,
				198D92F5250E4109004CE3FE /* WeatherSearchAPIService.swift in Sources */,
				198D9239250DFC5A004CE3FE /* AppDelegate.swift in Sources */,
				198D9302250E6EA2004CE3FE /* WeatherSearchCacheService.swift in Sources */,
				198D92FB250E5240004CE3FE /* WeatherSearchDisplayHepler.swift in Sources */,
				198D92FD250E53F7004CE3FE /* WeatherResultTableViewCell.swift in Sources */,
				198D9300250E6CD0004CE3FE /* R.swift in Sources */,
				198D92EC250E0BF4004CE3FE /* WeatherSearchViewController.swift in Sources */,
			);
			runOnlyForDeploymentPostprocessing = 0;
		};
		198D9247250DFC5C004CE3FE /* Sources */ = {
			isa = PBXSourcesBuildPhase;
			buildActionMask = 2147483647;
			files = (
				198D930A250E8ADB004CE3FE /* WeatherForecastPresenterTests.swift in Sources */,
				198D930B250E8BD1004CE3FE /* WeatherSearchPresenter.swift in Sources */,
				198D9304250E7B40004CE3FE /* WeatherSearchInteractor.swift in Sources */,
				198D9308250E7CB4004CE3FE /* R.swift in Sources */,
				198D9250250DFC5C004CE3FE /* WeatherForecastInteractorTests.swift in Sources */,
				198D9305250E7B98004CE3FE /* WeatherSearchProtocol.swift in Sources */,
				198D9306250E7CA5004CE3FE /* WeatherSearchAPIService.swift in Sources */,
				198D9303250E7B34004CE3FE /* WeatherSearchEntity.swift in Sources */,
				198D9307250E7CA9004CE3FE /* WeatherSearchCacheService.swift in Sources */,
			);
			runOnlyForDeploymentPostprocessing = 0;
		};
/* End PBXSourcesBuildPhase section */

/* Begin PBXTargetDependency section */
		198D924D250DFC5C004CE3FE /* PBXTargetDependency */ = {
			isa = PBXTargetDependency;
			target = 198D9234250DFC5A004CE3FE /* WeatherForecast */;
			targetProxy = 198D924C250DFC5C004CE3FE /* PBXContainerItemProxy */;
		};
/* End PBXTargetDependency section */

/* Begin PBXVariantGroup section */
		198D9243250DFC5B004CE3FE /* LaunchScreen.storyboard */ = {
			isa = PBXVariantGroup;
			children = (
				198D9244250DFC5B004CE3FE /* Base */,
			);
			name = LaunchScreen.storyboard;
			sourceTree = "<group>";
		};
/* End PBXVariantGroup section */

/* Begin XCBuildConfiguration section */
		198D9252250DFC5C004CE3FE /* Debug */ = {
			isa = XCBuildConfiguration;
			baseConfigurationReference = 198D927D250DFEFC004CE3FE /* Debug.xcconfig */;
			buildSettings = {
				ALWAYS_SEARCH_USER_PATHS = NO;
				CLANG_ANALYZER_NONNULL = YES;
				CLANG_ANALYZER_NUMBER_OBJECT_CONVERSION = YES_AGGRESSIVE;
				CLANG_CXX_LANGUAGE_STANDARD = "gnu++14";
				CLANG_CXX_LIBRARY = "libc++";
				CLANG_ENABLE_MODULES = YES;
				CLANG_ENABLE_OBJC_ARC = YES;
				CLANG_ENABLE_OBJC_WEAK = YES;
				CLANG_WARN_BLOCK_CAPTURE_AUTORELEASING = YES;
				CLANG_WARN_BOOL_CONVERSION = YES;
				CLANG_WARN_COMMA = YES;
				CLANG_WARN_CONSTANT_CONVERSION = YES;
				CLANG_WARN_DEPRECATED_OBJC_IMPLEMENTATIONS = YES;
				CLANG_WARN_DIRECT_OBJC_ISA_USAGE = YES_ERROR;
				CLANG_WARN_DOCUMENTATION_COMMENTS = YES;
				CLANG_WARN_EMPTY_BODY = YES;
				CLANG_WARN_ENUM_CONVERSION = YES;
				CLANG_WARN_INFINITE_RECURSION = YES;
				CLANG_WARN_INT_CONVERSION = YES;
				CLANG_WARN_NON_LITERAL_NULL_CONVERSION = YES;
				CLANG_WARN_OBJC_IMPLICIT_RETAIN_SELF = YES;
				CLANG_WARN_OBJC_LITERAL_CONVERSION = YES;
				CLANG_WARN_OBJC_ROOT_CLASS = YES_ERROR;
				CLANG_WARN_RANGE_LOOP_ANALYSIS = YES;
				CLANG_WARN_STRICT_PROTOTYPES = YES;
				CLANG_WARN_SUSPICIOUS_MOVE = YES;
				CLANG_WARN_UNGUARDED_AVAILABILITY = YES_AGGRESSIVE;
				CLANG_WARN_UNREACHABLE_CODE = YES;
				CLANG_WARN__DUPLICATE_METHOD_MATCH = YES;
				COPY_PHASE_STRIP = NO;
				DEBUG_INFORMATION_FORMAT = dwarf;
				ENABLE_STRICT_OBJC_MSGSEND = YES;
				ENABLE_TESTABILITY = YES;
				GCC_C_LANGUAGE_STANDARD = gnu11;
				GCC_DYNAMIC_NO_PIC = NO;
				GCC_NO_COMMON_BLOCKS = YES;
				GCC_OPTIMIZATION_LEVEL = 0;
				GCC_PREPROCESSOR_DEFINITIONS = (
					"DEBUG=1",
					"$(inherited)",
				);
				GCC_WARN_64_TO_32_BIT_CONVERSION = YES;
				GCC_WARN_ABOUT_RETURN_TYPE = YES_ERROR;
				GCC_WARN_UNDECLARED_SELECTOR = YES;
				GCC_WARN_UNINITIALIZED_AUTOS = YES_AGGRESSIVE;
				GCC_WARN_UNUSED_FUNCTION = YES;
				GCC_WARN_UNUSED_VARIABLE = YES;
				IPHONEOS_DEPLOYMENT_TARGET = 11.0;
				MTL_ENABLE_DEBUG_INFO = INCLUDE_SOURCE;
				MTL_FAST_MATH = YES;
				ONLY_ACTIVE_ARCH = YES;
				SDKROOT = iphoneos;
				SWIFT_ACTIVE_COMPILATION_CONDITIONS = DEBUG;
				SWIFT_OPTIMIZATION_LEVEL = "-Onone";
			};
			name = Debug;
		};
		198D9253250DFC5C004CE3FE /* Release */ = {
			isa = XCBuildConfiguration;
			baseConfigurationReference = 198D927F250DFF7D004CE3FE /* Release.xcconfig */;
			buildSettings = {
				ALWAYS_SEARCH_USER_PATHS = NO;
				CLANG_ANALYZER_NONNULL = YES;
				CLANG_ANALYZER_NUMBER_OBJECT_CONVERSION = YES_AGGRESSIVE;
				CLANG_CXX_LANGUAGE_STANDARD = "gnu++14";
				CLANG_CXX_LIBRARY = "libc++";
				CLANG_ENABLE_MODULES = YES;
				CLANG_ENABLE_OBJC_ARC = YES;
				CLANG_ENABLE_OBJC_WEAK = YES;
				CLANG_WARN_BLOCK_CAPTURE_AUTORELEASING = YES;
				CLANG_WARN_BOOL_CONVERSION = YES;
				CLANG_WARN_COMMA = YES;
				CLANG_WARN_CONSTANT_CONVERSION = YES;
				CLANG_WARN_DEPRECATED_OBJC_IMPLEMENTATIONS = YES;
				CLANG_WARN_DIRECT_OBJC_ISA_USAGE = YES_ERROR;
				CLANG_WARN_DOCUMENTATION_COMMENTS = YES;
				CLANG_WARN_EMPTY_BODY = YES;
				CLANG_WARN_ENUM_CONVERSION = YES;
				CLANG_WARN_INFINITE_RECURSION = YES;
				CLANG_WARN_INT_CONVERSION = YES;
				CLANG_WARN_NON_LITERAL_NULL_CONVERSION = YES;
				CLANG_WARN_OBJC_IMPLICIT_RETAIN_SELF = YES;
				CLANG_WARN_OBJC_LITERAL_CONVERSION = YES;
				CLANG_WARN_OBJC_ROOT_CLASS = YES_ERROR;
				CLANG_WARN_RANGE_LOOP_ANALYSIS = YES;
				CLANG_WARN_STRICT_PROTOTYPES = YES;
				CLANG_WARN_SUSPICIOUS_MOVE = YES;
				CLANG_WARN_UNGUARDED_AVAILABILITY = YES_AGGRESSIVE;
				CLANG_WARN_UNREACHABLE_CODE = YES;
				CLANG_WARN__DUPLICATE_METHOD_MATCH = YES;
				COPY_PHASE_STRIP = NO;
				DEBUG_INFORMATION_FORMAT = "dwarf-with-dsym";
				ENABLE_NS_ASSERTIONS = NO;
				ENABLE_STRICT_OBJC_MSGSEND = YES;
				GCC_C_LANGUAGE_STANDARD = gnu11;
				GCC_NO_COMMON_BLOCKS = YES;
				GCC_WARN_64_TO_32_BIT_CONVERSION = YES;
				GCC_WARN_ABOUT_RETURN_TYPE = YES_ERROR;
				GCC_WARN_UNDECLARED_SELECTOR = YES;
				GCC_WARN_UNINITIALIZED_AUTOS = YES_AGGRESSIVE;
				GCC_WARN_UNUSED_FUNCTION = YES;
				GCC_WARN_UNUSED_VARIABLE = YES;
				IPHONEOS_DEPLOYMENT_TARGET = 11.0;
				MTL_ENABLE_DEBUG_INFO = NO;
				MTL_FAST_MATH = YES;
				SDKROOT = iphoneos;
				SWIFT_COMPILATION_MODE = wholemodule;
				SWIFT_OPTIMIZATION_LEVEL = "-O";
				VALIDATE_PRODUCT = YES;
			};
			name = Release;
		};
		198D9255250DFC5C004CE3FE /* Debug */ = {
			isa = XCBuildConfiguration;
			baseConfigurationReference = 27ECFA5F1797D15C108B674D /* Pods-WeatherForecast.debug.xcconfig */;
			buildSettings = {
				ASSETCATALOG_COMPILER_APPICON_NAME = AppIcon;
				CODE_SIGN_STYLE = Automatic;
				DEVELOPMENT_TEAM = BN92UE96R7;
				INFOPLIST_FILE = WeatherForecast/Info.plist;
				IPHONEOS_DEPLOYMENT_TARGET = 11.0;
				LD_RUNPATH_SEARCH_PATHS = (
					"$(inherited)",
					"@executable_path/Frameworks",
				);
				PRODUCT_BUNDLE_IDENTIFIER = dev.hanhdv.NABChallenge.WeatherForecast;
				PRODUCT_NAME = "$(TARGET_NAME)";
				SWIFT_VERSION = 5.0;
				TARGETED_DEVICE_FAMILY = 1;
			};
			name = Debug;
		};
		198D9256250DFC5C004CE3FE /* Release */ = {
			isa = XCBuildConfiguration;
			baseConfigurationReference = 02ACC36705E31119017389D7 /* Pods-WeatherForecast.release.xcconfig */;
			buildSettings = {
				ASSETCATALOG_COMPILER_APPICON_NAME = AppIcon;
				CODE_SIGN_STYLE = Automatic;
				DEVELOPMENT_TEAM = BN92UE96R7;
				INFOPLIST_FILE = WeatherForecast/Info.plist;
				IPHONEOS_DEPLOYMENT_TARGET = 11.0;
				LD_RUNPATH_SEARCH_PATHS = (
					"$(inherited)",
					"@executable_path/Frameworks",
				);
				PRODUCT_BUNDLE_IDENTIFIER = dev.hanhdv.NABChallenge.WeatherForecast;
				PRODUCT_NAME = "$(TARGET_NAME)";
				SWIFT_VERSION = 5.0;
				TARGETED_DEVICE_FAMILY = 1;
			};
			name = Release;
		};
		198D9258250DFC5C004CE3FE /* Debug */ = {
			isa = XCBuildConfiguration;
			baseConfigurationReference = B0071526FF0035A704C89651 /* Pods-WeatherForecastTests.debug.xcconfig */;
			buildSettings = {
				ALWAYS_EMBED_SWIFT_STANDARD_LIBRARIES = YES;
				BUNDLE_LOADER = "$(TEST_HOST)";
				CODE_SIGN_STYLE = Automatic;
				DEVELOPMENT_TEAM = BN92UE96R7;
				INFOPLIST_FILE = WeatherForecastTests/Info.plist;
				IPHONEOS_DEPLOYMENT_TARGET = 11.0;
				LD_RUNPATH_SEARCH_PATHS = (
					"$(inherited)",
					"@executable_path/Frameworks",
					"@loader_path/Frameworks",
				);
				PRODUCT_BUNDLE_IDENTIFIER = dev.hanhdv.NABChallenge.WeatherForecastTests;
				PRODUCT_NAME = "$(TARGET_NAME)";
				SWIFT_VERSION = 5.0;
				TARGETED_DEVICE_FAMILY = "1,2";
				TEST_HOST = "$(BUILT_PRODUCTS_DIR)/WeatherForecast.app/WeatherForecast";
			};
			name = Debug;
		};
		198D9259250DFC5C004CE3FE /* Release */ = {
			isa = XCBuildConfiguration;
			baseConfigurationReference = 1577E59AC8E8FF3A574CAB89 /* Pods-WeatherForecastTests.release.xcconfig */;
			buildSettings = {
				ALWAYS_EMBED_SWIFT_STANDARD_LIBRARIES = YES;
				BUNDLE_LOADER = "$(TEST_HOST)";
				CODE_SIGN_STYLE = Automatic;
				DEVELOPMENT_TEAM = BN92UE96R7;
				INFOPLIST_FILE = WeatherForecastTests/Info.plist;
				IPHONEOS_DEPLOYMENT_TARGET = 11.0;
				LD_RUNPATH_SEARCH_PATHS = (
					"$(inherited)",
					"@executable_path/Frameworks",
					"@loader_path/Frameworks",
				);
				PRODUCT_BUNDLE_IDENTIFIER = dev.hanhdv.NABChallenge.WeatherForecastTests;
				PRODUCT_NAME = "$(TARGET_NAME)";
				SWIFT_VERSION = 5.0;
				TARGETED_DEVICE_FAMILY = "1,2";
				TEST_HOST = "$(BUILT_PRODUCTS_DIR)/WeatherForecast.app/WeatherForecast";
			};
			name = Release;
		};
/* End XCBuildConfiguration section */

/* Begin XCConfigurationList section */
		198D9230250DFC5A004CE3FE /* Build configuration list for PBXProject "WeatherForecast" */ = {
			isa = XCConfigurationList;
			buildConfigurations = (
				198D9252250DFC5C004CE3FE /* Debug */,
				198D9253250DFC5C004CE3FE /* Release */,
			);
			defaultConfigurationIsVisible = 0;
			defaultConfigurationName = Release;
		};
		198D9254250DFC5C004CE3FE /* Build configuration list for PBXNativeTarget "WeatherForecast" */ = {
			isa = XCConfigurationList;
			buildConfigurations = (
				198D9255250DFC5C004CE3FE /* Debug */,
				198D9256250DFC5C004CE3FE /* Release */,
			);
			defaultConfigurationIsVisible = 0;
			defaultConfigurationName = Release;
		};
		198D9257250DFC5C004CE3FE /* Build configuration list for PBXNativeTarget "WeatherForecastTests" */ = {
			isa = XCConfigurationList;
			buildConfigurations = (
				198D9258250DFC5C004CE3FE /* Debug */,
				198D9259250DFC5C004CE3FE /* Release */,
			);
			defaultConfigurationIsVisible = 0;
			defaultConfigurationName = Release;
		};
/* End XCConfigurationList section */
	};
	rootObject = 198D922D250DFC5A004CE3FE /* Project object */;
}
